
Microsoft Visual Studio Solution File, Format Version 12.00
# Visual Studio Version 17
VisualStudioVersion = 17.8.34601.278
MinimumVisualStudioVersion = 10.0.40219.1
Project("{9A19103F-16F7-4668-BE54-9A1E7A4F7556}") = "PearsonXApp", "PearsonXApp\PearsonXApp.csproj", "{E8A7E610-8B8D-4A6B-B3DF-92C53BEA4674}"
EndProject
Project("{9A19103F-16F7-4668-BE54-9A1E7A4F7556}") = "PearsonXApp.Entities", "PearsonXApp.Entities\PearsonXApp.Entities.csproj", "{66CA3B76-E22F-4B43-8508-4C37EA76EC15}"
EndProject
Project("{9A19103F-16F7-4668-BE54-9A1E7A4F7556}") = "PearsonXApp.UseCases", "PearsonXApp.UseCases\PearsonXApp.UseCases.csproj", "{50AD0304-569D-4AFB-91B8-6B39846FA5B1}"
EndProject
Project("{FAE04EC0-301F-11D3-BF4B-00C04F79EFBC}") = "PearsonXApp.Tests", "PearsonXApp.Tests\PearsonXApp.Tests.csproj", "{234C11C9-A167-40A8-98B5-C033FB2FC5C4}"
EndProject
Project("{FAE04EC0-301F-11D3-BF4B-00C04F79EFBC}") = "PearsonXApp.UseCases.Tests", "PearsonXApp.UseCases.Tests\PearsonXApp.UseCases.Tests.csproj", "{5F1C3A1F-8791-4D32-ADEA-2D597E5C36F7}"
EndProject
Global
	GlobalSection(SolutionConfigurationPlatforms) = preSolution
		Debug|Any CPU = Debug|Any CPU
		Release|Any CPU = Release|Any CPU
	EndGlobalSection
	GlobalSection(ProjectConfigurationPlatforms) = postSolution
		{E8A7E610-8B8D-4A6B-B3DF-92C53BEA4674}.Debug|Any CPU.ActiveCfg = Debug|Any CPU
		{E8A7E610-8B8D-4A6B-B3DF-92C53BEA4674}.Debug|Any CPU.Build.0 = Debug|Any CPU
		{E8A7E610-8B8D-4A6B-B3DF-92C53BEA4674}.Release|Any CPU.ActiveCfg = Release|Any CPU
		{E8A7E610-8B8D-4A6B-B3DF-92C53BEA4674}.Release|Any CPU.Build.0 = Release|Any CPU
		{66CA3B76-E22F-4B43-8508-4C37EA76EC15}.Debug|Any CPU.ActiveCfg = Debug|Any CPU
		{66CA3B76-E22F-4B43-8508-4C37EA76EC15}.Debug|Any CPU.Build.0 = Debug|Any CPU
		{66CA3B76-E22F-4B43-8508-4C37EA76EC15}.Release|Any CPU.ActiveCfg = Release|Any CPU
		{66CA3B76-E22F-4B43-8508-4C37EA76EC15}.Release|Any CPU.Build.0 = Release|Any CPU
		{50AD0304-569D-4AFB-91B8-6B39846FA5B1}.Debug|Any CPU.ActiveCfg = Debug|Any CPU
		{50AD0304-569D-4AFB-91B8-6B39846FA5B1}.Debug|Any CPU.Build.0 = Debug|Any CPU
		{50AD0304-569D-4AFB-91B8-6B39846FA5B1}.Release|Any CPU.ActiveCfg = Release|Any CPU
		{50AD0304-569D-4AFB-91B8-6B39846FA5B1}.Release|Any CPU.Build.0 = Release|Any CPU
		{234C11C9-A167-40A8-98B5-C033FB2FC5C4}.Debug|Any CPU.ActiveCfg = Debug|Any CPU
		{234C11C9-A167-40A8-98B5-C033FB2FC5C4}.Debug|Any CPU.Build.0 = Debug|Any CPU
		{234C11C9-A167-40A8-98B5-C033FB2FC5C4}.Release|Any CPU.ActiveCfg = Release|Any CPU
		{234C11C9-A167-40A8-98B5-C033FB2FC5C4}.Release|Any CPU.Build.0 = Release|Any CPU
		{5F1C3A1F-8791-4D32-ADEA-2D597E5C36F7}.Debug|Any CPU.ActiveCfg = Debug|Any CPU
		{5F1C3A1F-8791-4D32-ADEA-2D597E5C36F7}.Debug|Any CPU.Build.0 = Debug|Any CPU
		{5F1C3A1F-8791-4D32-ADEA-2D597E5C36F7}.Release|Any CPU.ActiveCfg = Release|Any CPU
		{5F1C3A1F-8791-4D32-ADEA-2D597E5C36F7}.Release|Any CPU.Build.0 = Release|Any CPU
	EndGlobalSection
	GlobalSection(SolutionProperties) = preSolution
		HideSolutionNode = FALSE
	EndGlobalSection
	GlobalSection(ExtensibilityGlobals) = postSolution
		SolutionGuid = {5B23FA25-E080-476D-8A32-829F43DD2A00}
	EndGlobalSection
EndGlobal
